
Microsoft Visual Studio Solution File, Format Version 12.00
# Visual Studio Version 17
VisualStudioVersion = 17.9.34616.47
MinimumVisualStudioVersion = 10.0.40219.1
Project("{FAE04EC0-301F-11D3-BF4B-00C04F79EFBC}") = "Calculator", "Calculator\Calculator.csproj", "{1D33E01E-E088-4C5B-A66D-29A5216AD6CE}"
EndProject
Global
	GlobalSection(SolutionConfigurationPlatforms) = preSolution
		Debug|Any CPU = Debug|Any CPU
		Release|Any CPU = Release|Any CPU
	EndGlobalSection
	GlobalSection(ProjectConfigurationPlatforms) = postSolution
		{1D33E01E-E088-4C5B-A66D-29A5216AD6CE}.Debug|Any CPU.ActiveCfg = Debug|Any CPU
		{1D33E01E-E088-4C5B-A66D-29A5216AD6CE}.Debug|Any CPU.Build.0 = Debug|Any CPU
		{1D33E01E-E088-4C5B-A66D-29A5216AD6CE}.Release|Any CPU.ActiveCfg = Release|Any CPU
		{1D33E01E-E088-4C5B-A66D-29A5216AD6CE}.Release|Any CPU.Build.0 = Release|Any CPU
	EndGlobalSection
	GlobalSection(SolutionProperties) = preSolution
		HideSolutionNode = FALSE
	EndGlobalSection
	GlobalSection(ExtensibilityGlobals) = postSolution
		SolutionGuid = {3E58EBD1-2539-4E7B-A45A-8B98F522FEAE}
	EndGlobalSection
EndGlobal
